// !$*UTF8*$!
{
	archiveVersion = 1;
	classes = {
	};
	objectVersion = 46;
	objects = {

/* Begin PBXBuildFile section */
		EFA126FD1B28953C000C2B8F /* main.m in Sources */ = {isa = PBXBuildFile; fileRef = EFA126FC1B28953C000C2B8F /* main.m */; };
		EFA127001B28953C000C2B8F /* AppDelegate.m in Sources */ = {isa = PBXBuildFile; fileRef = EFA126FF1B28953C000C2B8F /* AppDelegate.m */; };
		EFA127031B28953C000C2B8F /* ViewController.m in Sources */ = {isa = PBXBuildFile; fileRef = EFA127021B28953C000C2B8F /* ViewController.m */; };
		EFA127061B28953C000C2B8F /* Main.storyboard in Resources */ = {isa = PBXBuildFile; fileRef = EFA127041B28953C000C2B8F /* Main.storyboard */; };
		EFA127081B28953C000C2B8F /* Images.xcassets in Resources */ = {isa = PBXBuildFile; fileRef = EFA127071B28953C000C2B8F /* Images.xcassets */; };
		EFA1270B1B28953C000C2B8F /* LaunchScreen.xib in Resources */ = {isa = PBXBuildFile; fileRef = EFA127091B28953C000C2B8F /* LaunchScreen.xib */; };
		EFA127171B28953D000C2B8F /* Tab_Bars_and_PickersTests.m in Sources */ = {isa = PBXBuildFile; fileRef = EFA127161B28953D000C2B8F /* Tab_Bars_and_PickersTests.m */; };
		EFA127221B289670000C2B8F /* UIViewController+DatePickerViewController.m in Sources */ = {isa = PBXBuildFile; fileRef = EFA127211B289670000C2B8F /* UIViewController+DatePickerViewController.m */; };
		EFA127251B2896A4000C2B8F /* UIViewController+SingleComponentPickerViewController.m in Sources */ = {isa = PBXBuildFile; fileRef = EFA127241B2896A4000C2B8F /* UIViewController+SingleComponentPickerViewController.m */; };
		EFA127281B2896DA000C2B8F /* UIViewController+DoubleComponentPickerViewController.m in Sources */ = {isa = PBXBuildFile; fileRef = EFA127271B2896DA000C2B8F /* UIViewController+DoubleComponentPickerViewController.m */; };
		EFA1272B1B2896FF000C2B8F /* UIViewController+DependentComponentPickerViewController.m in Sources */ = {isa = PBXBuildFile; fileRef = EFA1272A1B2896FF000C2B8F /* UIViewController+DependentComponentPickerViewController.m */; };
		EFA127321B2899CE000C2B8F /* apple.png in Resources */ = {isa = PBXBuildFile; fileRef = EFA1272C1B2899CE000C2B8F /* apple.png */; };
		EFA127331B2899CE000C2B8F /* doubleicon.png in Resources */ = {isa = PBXBuildFile; fileRef = EFA1272D1B2899CE000C2B8F /* doubleicon.png */; };
		EFA127341B2899CE000C2B8F /* dependenticon.png in Resources */ = {isa = PBXBuildFile; fileRef = EFA1272E1B2899CE000C2B8F /* dependenticon.png */; };
		EFA127351B2899CE000C2B8F /* toolicon.png in Resources */ = {isa = PBXBuildFile; fileRef = EFA1272F1B2899CE000C2B8F /* toolicon.png */; };
		EFA127361B2899CE000C2B8F /* singleicon.png in Resources */ = {isa = PBXBuildFile; fileRef = EFA127301B2899CE000C2B8F /* singleicon.png */; };
		EFA127371B2899CE000C2B8F /* clockicon.png in Resources */ = {isa = PBXBuildFile; fileRef = EFA127311B2899CE000C2B8F /* clockicon.png */; };
		EFA1273D1B2899DA000C2B8F /* lemon.png in Resources */ = {isa = PBXBuildFile; fileRef = EFA127381B2899DA000C2B8F /* lemon.png */; };
		EFA1273E1B2899DA000C2B8F /* cherry.png in Resources */ = {isa = PBXBuildFile; fileRef = EFA127391B2899DA000C2B8F /* cherry.png */; };
		EFA1273F1B2899DA000C2B8F /* bar.png in Resources */ = {isa = PBXBuildFile; fileRef = EFA1273A1B2899DA000C2B8F /* bar.png */; };
		EFA127401B2899DA000C2B8F /* crown.png in Resources */ = {isa = PBXBuildFile; fileRef = EFA1273B1B2899DA000C2B8F /* crown.png */; };
		EFA127411B2899DA000C2B8F /* seven.png in Resources */ = {isa = PBXBuildFile; fileRef = EFA1273C1B2899DA000C2B8F /* seven.png */; };
		EFA127441B2899E2000C2B8F /* win.wav in Resources */ = {isa = PBXBuildFile; fileRef = EFA127421B2899E2000C2B8F /* win.wav */; };
		EFA127451B2899E2000C2B8F /* crunch.wav in Resources */ = {isa = PBXBuildFile; fileRef = EFA127431B2899E2000C2B8F /* crunch.wav */; };
		EFA127481B28A703000C2B8F /* UIViewController+CustomPickerViewController.m in Sources */ = {isa = PBXBuildFile; fileRef = EFA127471B28A703000C2B8F /* UIViewController+CustomPickerViewController.m */; };
		EFA1274A1B2BC946000C2B8F /* statedictionary-3.plist in Resources */ = {isa = PBXBuildFile; fileRef = EFA127491B2BC946000C2B8F /* statedictionary-3.plist */; };
/* End PBXBuildFile section */

/* Begin PBXContainerItemProxy section */
		EFA127111B28953D000C2B8F /* PBXContainerItemProxy */ = {
			isa = PBXContainerItemProxy;
			containerPortal = EFA126EF1B28953C000C2B8F /* Project object */;
			proxyType = 1;
			remoteGlobalIDString = EFA126F61B28953C000C2B8F;
			remoteInfo = "Tab Bars and Pickers";
		};
/* End PBXContainerItemProxy section */

/* Begin PBXFileReference section */
		EFA126F71B28953C000C2B8F /* Tab Bars and Pickers.app */ = {isa = PBXFileReference; explicitFileType = wrapper.application; includeInIndex = 0; path = "Tab Bars and Pickers.app"; sourceTree = BUILT_PRODUCTS_DIR; };
		EFA126FB1B28953C000C2B8F /* Info.plist */ = {isa = PBXFileReference; lastKnownFileType = text.plist.xml; path = Info.plist; sourceTree = "<group>"; };
		EFA126FC1B28953C000C2B8F /* main.m */ = {isa = PBXFileReference; lastKnownFileType = sourcecode.c.objc; path = main.m; sourceTree = "<group>"; };
		EFA126FE1B28953C000C2B8F /* AppDelegate.h */ = {isa = PBXFileReference; lastKnownFileType = sourcecode.c.h; path = AppDelegate.h; sourceTree = "<group>"; };
		EFA126FF1B28953C000C2B8F /* AppDelegate.m */ = {isa = PBXFileReference; lastKnownFileType = sourcecode.c.objc; path = AppDelegate.m; sourceTree = "<group>"; };
		EFA127011B28953C000C2B8F /* ViewController.h */ = {isa = PBXFileReference; lastKnownFileType = sourcecode.c.h; path = ViewController.h; sourceTree = "<group>"; };
		EFA127021B28953C000C2B8F /* ViewController.m */ = {isa = PBXFileReference; lastKnownFileType = sourcecode.c.objc; path = ViewController.m; sourceTree = "<group>"; };
		EFA127051B28953C000C2B8F /* Base */ = {isa = PBXFileReference; lastKnownFileType = file.storyboard; name = Base; path = Base.lproj/Main.storyboard; sourceTree = "<group>"; };
		EFA127071B28953C000C2B8F /* Images.xcassets */ = {isa = PBXFileReference; lastKnownFileType = folder.assetcatalog; path = Images.xcassets; sourceTree = "<group>"; };
		EFA1270A1B28953C000C2B8F /* Base */ = {isa = PBXFileReference; lastKnownFileType = file.xib; name = Base; path = Base.lproj/LaunchScreen.xib; sourceTree = "<group>"; };
		EFA127101B28953D000C2B8F /* Tab Bars and PickersTests.xctest */ = {isa = PBXFileReference; explicitFileType = wrapper.cfbundle; includeInIndex = 0; path = "Tab Bars and PickersTests.xctest"; sourceTree = BUILT_PRODUCTS_DIR; };
		EFA127151B28953D000C2B8F /* Info.plist */ = {isa = PBXFileReference; lastKnownFileType = text.plist.xml; path = Info.plist; sourceTree = "<group>"; };
		EFA127161B28953D000C2B8F /* Tab_Bars_and_PickersTests.m */ = {isa = PBXFileReference; lastKnownFileType = sourcecode.c.objc; path = Tab_Bars_and_PickersTests.m; sourceTree = "<group>"; };
		EFA127201B289670000C2B8F /* UIViewController+DatePickerViewController.h */ = {isa = PBXFileReference; fileEncoding = 4; lastKnownFileType = sourcecode.c.h; path = "UIViewController+DatePickerViewController.h"; sourceTree = "<group>"; };
		EFA127211B289670000C2B8F /* UIViewController+DatePickerViewController.m */ = {isa = PBXFileReference; fileEncoding = 4; lastKnownFileType = sourcecode.c.objc; path = "UIViewController+DatePickerViewController.m"; sourceTree = "<group>"; };
		EFA127231B2896A4000C2B8F /* UIViewController+SingleComponentPickerViewController.h */ = {isa = PBXFileReference; fileEncoding = 4; lastKnownFileType = sourcecode.c.h; path = "UIViewController+SingleComponentPickerViewController.h"; sourceTree = "<group>"; };
		EFA127241B2896A4000C2B8F /* UIViewController+SingleComponentPickerViewController.m */ = {isa = PBXFileReference; fileEncoding = 4; lastKnownFileType = sourcecode.c.objc; path = "UIViewController+SingleComponentPickerViewController.m"; sourceTree = "<group>"; };
		EFA127261B2896DA000C2B8F /* UIViewController+DoubleComponentPickerViewController.h */ = {isa = PBXFileReference; fileEncoding = 4; lastKnownFileType = sourcecode.c.h; path = "UIViewController+DoubleComponentPickerViewController.h"; sourceTree = "<group>"; };
		EFA127271B2896DA000C2B8F /* UIViewController+DoubleComponentPickerViewController.m */ = {isa = PBXFileReference; fileEncoding = 4; lastKnownFileType = sourcecode.c.objc; path = "UIViewController+DoubleComponentPickerViewController.m"; sourceTree = "<group>"; };
		EFA127291B2896FF000C2B8F /* UIViewController+DependentComponentPickerViewController.h */ = {isa = PBXFileReference; fileEncoding = 4; lastKnownFileType = sourcecode.c.h; path = "UIViewController+DependentComponentPickerViewController.h"; sourceTree = "<group>"; };
		EFA1272A1B2896FF000C2B8F /* UIViewController+DependentComponentPickerViewController.m */ = {isa = PBXFileReference; fileEncoding = 4; lastKnownFileType = sourcecode.c.objc; path = "UIViewController+DependentComponentPickerViewController.m"; sourceTree = "<group>"; };
		EFA1272C1B2899CE000C2B8F /* apple.png */ = {isa = PBXFileReference; lastKnownFileType = image.png; path = apple.png; sourceTree = "<group>"; };
		EFA1272D1B2899CE000C2B8F /* doubleicon.png */ = {isa = PBXFileReference; lastKnownFileType = image.png; path = doubleicon.png; sourceTree = "<group>"; };
		EFA1272E1B2899CE000C2B8F /* dependenticon.png */ = {isa = PBXFileReference; lastKnownFileType = image.png; path = dependenticon.png; sourceTree = "<group>"; };
		EFA1272F1B2899CE000C2B8F /* toolicon.png */ = {isa = PBXFileReference; lastKnownFileType = image.png; path = toolicon.png; sourceTree = "<group>"; };
		EFA127301B2899CE000C2B8F /* singleicon.png */ = {isa = PBXFileReference; lastKnownFileType = image.png; path = singleicon.png; sourceTree = "<group>"; };
		EFA127311B2899CE000C2B8F /* clockicon.png */ = {isa = PBXFileReference; lastKnownFileType = image.png; path = clockicon.png; sourceTree = "<group>"; };
		EFA127381B2899DA000C2B8F /* lemon.png */ = {isa = PBXFileReference; lastKnownFileType = image.png; path = lemon.png; sourceTree = "<group>"; };
		EFA127391B2899DA000C2B8F /* cherry.png */ = {isa = PBXFileReference; lastKnownFileType = image.png; path = cherry.png; sourceTree = "<group>"; };
		EFA1273A1B2899DA000C2B8F /* bar.png */ = {isa = PBXFileReference; lastKnownFileType = image.png; path = bar.png; sourceTree = "<group>"; };
		EFA1273B1B2899DA000C2B8F /* crown.png */ = {isa = PBXFileReference; lastKnownFileType = image.png; path = crown.png; sourceTree = "<group>"; };
		EFA1273C1B2899DA000C2B8F /* seven.png */ = {isa = PBXFileReference; lastKnownFileType = image.png; path = seven.png; sourceTree = "<group>"; };
		EFA127421B2899E2000C2B8F /* win.wav */ = {isa = PBXFileReference; lastKnownFileType = audio.wav; path = win.wav; sourceTree = "<group>"; };
		EFA127431B2899E2000C2B8F /* crunch.wav */ = {isa = PBXFileReference; lastKnownFileType = audio.wav; path = crunch.wav; sourceTree = "<group>"; };
		EFA127461B28A703000C2B8F /* UIViewController+CustomPickerViewController.h */ = {isa = PBXFileReference; fileEncoding = 4; lastKnownFileType = sourcecode.c.h; path = "UIViewController+CustomPickerViewController.h"; sourceTree = "<group>"; };
		EFA127471B28A703000C2B8F /* UIViewController+CustomPickerViewController.m */ = {isa = PBXFileReference; fileEncoding = 4; lastKnownFileType = sourcecode.c.objc; path = "UIViewController+CustomPickerViewController.m"; sourceTree = "<group>"; };
		EFA127491B2BC946000C2B8F /* statedictionary-3.plist */ = {isa = PBXFileReference; fileEncoding = 4; lastKnownFileType = text.plist.xml; path = "statedictionary-3.plist"; sourceTree = "<group>"; };
/* End PBXFileReference section */

/* Begin PBXFrameworksBuildPhase section */
		EFA126F41B28953C000C2B8F /* Frameworks */ = {
			isa = PBXFrameworksBuildPhase;
			buildActionMask = 2147483647;
			files = (
			);
			runOnlyForDeploymentPostprocessing = 0;
		};
		EFA1270D1B28953D000C2B8F /* Frameworks */ = {
			isa = PBXFrameworksBuildPhase;
			buildActionMask = 2147483647;
			files = (
			);
			runOnlyForDeploymentPostprocessing = 0;
		};
/* End PBXFrameworksBuildPhase section */

/* Begin PBXGroup section */
		EFA126EE1B28953C000C2B8F = {
			isa = PBXGroup;
			children = (
				EFA126F91B28953C000C2B8F /* Tab Bars and Pickers */,
				EFA127421B2899E2000C2B8F /* win.wav */,
				EFA127431B2899E2000C2B8F /* crunch.wav */,
				EFA127131B28953D000C2B8F /* Tab Bars and PickersTests */,
				EFA126F81B28953C000C2B8F /* Products */,
			);
			sourceTree = "<group>";
		};
		EFA126F81B28953C000C2B8F /* Products */ = {
			isa = PBXGroup;
			children = (
				EFA126F71B28953C000C2B8F /* Tab Bars and Pickers.app */,
				EFA127101B28953D000C2B8F /* Tab Bars and PickersTests.xctest */,
			);
			name = Products;
			sourceTree = "<group>";
		};
		EFA126F91B28953C000C2B8F /* Tab Bars and Pickers */ = {
			isa = PBXGroup;
			children = (
				EFA126FE1B28953C000C2B8F /* AppDelegate.h */,
				EFA126FF1B28953C000C2B8F /* AppDelegate.m */,
				EFA127011B28953C000C2B8F /* ViewController.h */,
				EFA127021B28953C000C2B8F /* ViewController.m */,
				EFA127041B28953C000C2B8F /* Main.storyboard */,
				EFA127201B289670000C2B8F /* UIViewController+DatePickerViewController.h */,
				EFA127211B289670000C2B8F /* UIViewController+DatePickerViewController.m */,
				EFA127231B2896A4000C2B8F /* UIViewController+SingleComponentPickerViewController.h */,
				EFA127241B2896A4000C2B8F /* UIViewController+SingleComponentPickerViewController.m */,
				EFA127261B2896DA000C2B8F /* UIViewController+DoubleComponentPickerViewController.h */,
				EFA127271B2896DA000C2B8F /* UIViewController+DoubleComponentPickerViewController.m */,
				EFA127291B2896FF000C2B8F /* UIViewController+DependentComponentPickerViewController.h */,
				EFA1272A1B2896FF000C2B8F /* UIViewController+DependentComponentPickerViewController.m */,
				EFA127461B28A703000C2B8F /* UIViewController+CustomPickerViewController.h */,
				EFA127471B28A703000C2B8F /* UIViewController+CustomPickerViewController.m */,
				EFA127071B28953C000C2B8F /* Images.xcassets */,
				EFA127091B28953C000C2B8F /* LaunchScreen.xib */,
				EFA126FA1B28953C000C2B8F /* Supporting Files */,
				EFA1272C1B2899CE000C2B8F /* apple.png */,
				EFA1272D1B2899CE000C2B8F /* doubleicon.png */,
				EFA1272E1B2899CE000C2B8F /* dependenticon.png */,
				EFA1272F1B2899CE000C2B8F /* toolicon.png */,
				EFA127301B2899CE000C2B8F /* singleicon.png */,
				EFA127311B2899CE000C2B8F /* clockicon.png */,
				EFA127381B2899DA000C2B8F /* lemon.png */,
				EFA127391B2899DA000C2B8F /* cherry.png */,
				EFA1273A1B2899DA000C2B8F /* bar.png */,
				EFA1273B1B2899DA000C2B8F /* crown.png */,
				EFA1273C1B2899DA000C2B8F /* seven.png */,
			);
			path = "Tab Bars and Pickers";
			sourceTree = "<group>";
		};
		EFA126FA1B28953C000C2B8F /* Supporting Files */ = {
			isa = PBXGroup;
			children = (
				EFA127491B2BC946000C2B8F /* statedictionary-3.plist */,
				EFA126FB1B28953C000C2B8F /* Info.plist */,
				EFA126FC1B28953C000C2B8F /* main.m */,
			);
			name = "Supporting Files";
			sourceTree = "<group>";
		};
		EFA127131B28953D000C2B8F /* Tab Bars and PickersTests */ = {
			isa = PBXGroup;
			children = (
				EFA127161B28953D000C2B8F /* Tab_Bars_and_PickersTests.m */,
				EFA127141B28953D000C2B8F /* Supporting Files */,
			);
			path = "Tab Bars and PickersTests";
			sourceTree = "<group>";
		};
		EFA127141B28953D000C2B8F /* Supporting Files */ = {
			isa = PBXGroup;
			children = (
				EFA127151B28953D000C2B8F /* Info.plist */,
			);
			name = "Supporting Files";
			sourceTree = "<group>";
		};
/* End PBXGroup section */

/* Begin PBXNativeTarget section */
		EFA126F61B28953C000C2B8F /* Tab Bars and Pickers */ = {
			isa = PBXNativeTarget;
			buildConfigurationList = EFA1271A1B28953D000C2B8F /* Build configuration list for PBXNativeTarget "Tab Bars and Pickers" */;
			buildPhases = (
				EFA126F31B28953C000C2B8F /* Sources */,
				EFA126F41B28953C000C2B8F /* Frameworks */,
				EFA126F51B28953C000C2B8F /* Resources */,
			);
			buildRules = (
			);
			dependencies = (
			);
			name = "Tab Bars and Pickers";
			productName = "Tab Bars and Pickers";
			productReference = EFA126F71B28953C000C2B8F /* Tab Bars and Pickers.app */;
			productType = "com.apple.product-type.application";
		};
		EFA1270F1B28953D000C2B8F /* Tab Bars and PickersTests */ = {
			isa = PBXNativeTarget;
			buildConfigurationList = EFA1271D1B28953D000C2B8F /* Build configuration list for PBXNativeTarget "Tab Bars and PickersTests" */;
			buildPhases = (
				EFA1270C1B28953D000C2B8F /* Sources */,
				EFA1270D1B28953D000C2B8F /* Frameworks */,
				EFA1270E1B28953D000C2B8F /* Resources */,
			);
			buildRules = (
			);
			dependencies = (
				EFA127121B28953D000C2B8F /* PBXTargetDependency */,
			);
			name = "Tab Bars and PickersTests";
			productName = "Tab Bars and PickersTests";
			productReference = EFA127101B28953D000C2B8F /* Tab Bars and PickersTests.xctest */;
			productType = "com.apple.product-type.bundle.unit-test";
		};
/* End PBXNativeTarget section */

/* Begin PBXProject section */
		EFA126EF1B28953C000C2B8F /* Project object */ = {
			isa = PBXProject;
			attributes = {
				LastUpgradeCheck = 0630;
				ORGANIZATIONNAME = Garcia;
				TargetAttributes = {
					EFA126F61B28953C000C2B8F = {
						CreatedOnToolsVersion = 6.3.1;
					};
					EFA1270F1B28953D000C2B8F = {
						CreatedOnToolsVersion = 6.3.1;
						TestTargetID = EFA126F61B28953C000C2B8F;
					};
				};
			};
			buildConfigurationList = EFA126F21B28953C000C2B8F /* Build configuration list for PBXProject "Tab Bars and Pickers" */;
			compatibilityVersion = "Xcode 3.2";
			developmentRegion = English;
			hasScannedForEncodings = 0;
			knownRegions = (
				en,
				Base,
			);
			mainGroup = EFA126EE1B28953C000C2B8F;
			productRefGroup = EFA126F81B28953C000C2B8F /* Products */;
			projectDirPath = "";
			projectRoot = "";
			targets = (
				EFA126F61B28953C000C2B8F /* Tab Bars and Pickers */,
				EFA1270F1B28953D000C2B8F /* Tab Bars and PickersTests */,
			);
		};
/* End PBXProject section */

/* Begin PBXResourcesBuildPhase section */
		EFA126F51B28953C000C2B8F /* Resources */ = {
			isa = PBXResourcesBuildPhase;
			buildActionMask = 2147483647;
			files = (
				EFA127341B2899CE000C2B8F /* dependenticon.png in Resources */,
				EFA127061B28953C000C2B8F /* Main.storyboard in Resources */,
				EFA127331B2899CE000C2B8F /* doubleicon.png in Resources */,
				EFA127441B2899E2000C2B8F /* win.wav in Resources */,
				EFA1273F1B2899DA000C2B8F /* bar.png in Resources */,
				EFA1273E1B2899DA000C2B8F /* cherry.png in Resources */,
				EFA127351B2899CE000C2B8F /* toolicon.png in Resources */,
				EFA127361B2899CE000C2B8F /* singleicon.png in Resources */,
				EFA127411B2899DA000C2B8F /* seven.png in Resources */,
				EFA1274A1B2BC946000C2B8F /* statedictionary-3.plist in Resources */,
				EFA127451B2899E2000C2B8F /* crunch.wav in Resources */,
				EFA1270B1B28953C000C2B8F /* LaunchScreen.xib in Resources */,
				EFA127321B2899CE000C2B8F /* apple.png in Resources */,
				EFA1273D1B2899DA000C2B8F /* lemon.png in Resources */,
				EFA127081B28953C000C2B8F /* Images.xcassets in Resources */,
				EFA127401B2899DA000C2B8F /* crown.png in Resources */,
				EFA127371B2899CE000C2B8F /* clockicon.png in Resources */,
			);
			runOnlyForDeploymentPostprocessing = 0;
		};
		EFA1270E1B28953D000C2B8F /* Resources */ = {
			isa = PBXResourcesBuildPhase;
			buildActionMask = 2147483647;
			files = (
			);
			runOnlyForDeploymentPostprocessing = 0;
		};
/* End PBXResourcesBuildPhase section */

/* Begin PBXSourcesBuildPhase section */
		EFA126F31B28953C000C2B8F /* Sources */ = {
			isa = PBXSourcesBuildPhase;
			buildActionMask = 2147483647;
			files = (
				EFA127481B28A703000C2B8F /* UIViewController+CustomPickerViewController.m in Sources */,
				EFA127281B2896DA000C2B8F /* UIViewController+DoubleComponentPickerViewController.m in Sources */,
				EFA1272B1B2896FF000C2B8F /* UIViewController+DependentComponentPickerViewController.m in Sources */,
				EFA127031B28953C000C2B8F /* ViewController.m in Sources */,
				EFA127221B289670000C2B8F /* UIViewController+DatePickerViewController.m in Sources */,
				EFA127001B28953C000C2B8F /* AppDelegate.m in Sources */,
				EFA126FD1B28953C000C2B8F /* main.m in Sources */,
				EFA127251B2896A4000C2B8F /* UIViewController+SingleComponentPickerViewController.m in Sources */,
			);
			runOnlyForDeploymentPostprocessing = 0;
		};
		EFA1270C1B28953D000C2B8F /* Sources */ = {
			isa = PBXSourcesBuildPhase;
			buildActionMask = 2147483647;
			files = (
				EFA127171B28953D000C2B8F /* Tab_Bars_and_PickersTests.m in Sources */,
			);
			runOnlyForDeploymentPostprocessing = 0;
		};
/* End PBXSourcesBuildPhase section */

/* Begin PBXTargetDependency section */
		EFA127121B28953D000C2B8F /* PBXTargetDependency */ = {
			isa = PBXTargetDependency;
			target = EFA126F61B28953C000C2B8F /* Tab Bars and Pickers */;
			targetProxy = EFA127111B28953D000C2B8F /* PBXContainerItemProxy */;
		};
/* End PBXTargetDependency section */

/* Begin PBXVariantGroup section */
		EFA127041B28953C000C2B8F /* Main.storyboard */ = {
			isa = PBXVariantGroup;
			children = (
				EFA127051B28953C000C2B8F /* Base */,
			);
			name = Main.storyboard;
			sourceTree = "<group>";
		};
		EFA127091B28953C000C2B8F /* LaunchScreen.xib */ = {
			isa = PBXVariantGroup;
			children = (
				EFA1270A1B28953C000C2B8F /* Base */,
			);
			name = LaunchScreen.xib;
			sourceTree = "<group>";
		};
/* End PBXVariantGroup section */

/* Begin XCBuildConfiguration section */
		EFA127181B28953D000C2B8F /* Debug */ = {
			isa = XCBuildConfiguration;
			buildSettings = {
				ALWAYS_SEARCH_USER_PATHS = NO;
				CLANG_CXX_LANGUAGE_STANDARD = "gnu++0x";
				CLANG_CXX_LIBRARY = "libc++";
				CLANG_ENABLE_MODULES = YES;
				CLANG_ENABLE_OBJC_ARC = YES;
				CLANG_WARN_BOOL_CONVERSION = YES;
				CLANG_WARN_CONSTANT_CONVERSION = YES;
				CLANG_WARN_DIRECT_OBJC_ISA_USAGE = YES_ERROR;
				CLANG_WARN_EMPTY_BODY = YES;
				CLANG_WARN_ENUM_CONVERSION = YES;
				CLANG_WARN_INT_CONVERSION = YES;
				CLANG_WARN_OBJC_ROOT_CLASS = YES_ERROR;
				CLANG_WARN_UNREACHABLE_CODE = YES;
				CLANG_WARN__DUPLICATE_METHOD_MATCH = YES;
				"CODE_SIGN_IDENTITY[sdk=iphoneos*]" = "iPhone Developer";
				COPY_PHASE_STRIP = NO;
				DEBUG_INFORMATION_FORMAT = "dwarf-with-dsym";
				ENABLE_STRICT_OBJC_MSGSEND = YES;
				GCC_C_LANGUAGE_STANDARD = gnu99;
				GCC_DYNAMIC_NO_PIC = NO;
				GCC_NO_COMMON_BLOCKS = YES;
				GCC_OPTIMIZATION_LEVEL = 0;
				GCC_PREPROCESSOR_DEFINITIONS = (
					"DEBUG=1",
					"$(inherited)",
				);
				GCC_SYMBOLS_PRIVATE_EXTERN = NO;
				GCC_WARN_64_TO_32_BIT_CONVERSION = YES;
				GCC_WARN_ABOUT_RETURN_TYPE = YES_ERROR;
				GCC_WARN_UNDECLARED_SELECTOR = YES;
				GCC_WARN_UNINITIALIZED_AUTOS = YES_AGGRESSIVE;
				GCC_WARN_UNUSED_FUNCTION = YES;
				GCC_WARN_UNUSED_VARIABLE = YES;
				IPHONEOS_DEPLOYMENT_TARGET = 6.1;
				MTL_ENABLE_DEBUG_INFO = YES;
				ONLY_ACTIVE_ARCH = YES;
				SDKROOT = iphoneos;
			};
			name = Debug;
		};
		EFA127191B28953D000C2B8F /* Release */ = {
			isa = XCBuildConfiguration;
			buildSettings = {
				ALWAYS_SEARCH_USER_PATHS = NO;
				CLANG_CXX_LANGUAGE_STANDARD = "gnu++0x";
				CLANG_CXX_LIBRARY = "libc++";
				CLANG_ENABLE_MODULES = YES;
				CLANG_ENABLE_OBJC_ARC = YES;
				CLANG_WARN_BOOL_CONVERSION = YES;
				CLANG_WARN_CONSTANT_CONVERSION = YES;
				CLANG_WARN_DIRECT_OBJC_ISA_USAGE = YES_ERROR;
				CLANG_WARN_EMPTY_BODY = YES;
				CLANG_WARN_ENUM_CONVERSION = YES;
				CLANG_WARN_INT_CONVERSION = YES;
				CLANG_WARN_OBJC_ROOT_CLASS = YES_ERROR;
				CLANG_WARN_UNREACHABLE_CODE = YES;
				CLANG_WARN__DUPLICATE_METHOD_MATCH = YES;
				"CODE_SIGN_IDENTITY[sdk=iphoneos*]" = "iPhone Developer";
				COPY_PHASE_STRIP = NO;
				DEBUG_INFORMATION_FORMAT = "dwarf-with-dsym";
				ENABLE_NS_ASSERTIONS = NO;
				ENABLE_STRICT_OBJC_MSGSEND = YES;
				GCC_C_LANGUAGE_STANDARD = gnu99;
				GCC_NO_COMMON_BLOCKS = YES;
				GCC_WARN_64_TO_32_BIT_CONVERSION = YES;
				GCC_WARN_ABOUT_RETURN_TYPE = YES_ERROR;
				GCC_WARN_UNDECLARED_SELECTOR = YES;
				GCC_WARN_UNINITIALIZED_AUTOS = YES_AGGRESSIVE;
				GCC_WARN_UNUSED_FUNCTION = YES;
				GCC_WARN_UNUSED_VARIABLE = YES;
				IPHONEOS_DEPLOYMENT_TARGET = 6.1;
				MTL_ENABLE_DEBUG_INFO = NO;
				SDKROOT = iphoneos;
				VALIDATE_PRODUCT = YES;
			};
			name = Release;
		};
		EFA1271B1B28953D000C2B8F /* Debug */ = {
			isa = XCBuildConfiguration;
			buildSettings = {
				ASSETCATALOG_COMPILER_APPICON_NAME = AppIcon;
				INFOPLIST_FILE = "Tab Bars and Pickers/Info.plist";
				IPHONEOS_DEPLOYMENT_TARGET = 6.1;
				LD_RUNPATH_SEARCH_PATHS = "$(inherited) @executable_path/Frameworks";
				PRODUCT_NAME = "$(TARGET_NAME)";
			};
			name = Debug;
		};
		EFA1271C1B28953D000C2B8F /* Release */ = {
			isa = XCBuildConfiguration;
			buildSettings = {
				ASSETCATALOG_COMPILER_APPICON_NAME = AppIcon;
				INFOPLIST_FILE = "Tab Bars and Pickers/Info.plist";
				IPHONEOS_DEPLOYMENT_TARGET = 6.1;
				LD_RUNPATH_SEARCH_PATHS = "$(inherited) @executable_path/Frameworks";
				PRODUCT_NAME = "$(TARGET_NAME)";
			};
			name = Release;
		};
		EFA1271E1B28953D000C2B8F /* Debug */ = {
			isa = XCBuildConfiguration;
			buildSettings = {
				BUNDLE_LOADER = "$(TEST_HOST)";
				FRAMEWORK_SEARCH_PATHS = (
					"$(SDKROOT)/Developer/Library/Frameworks",
					"$(inherited)",
				);
				GCC_PREPROCESSOR_DEFINITIONS = (
					"DEBUG=1",
					"$(inherited)",
				);
				INFOPLIST_FILE = "Tab Bars and PickersTests/Info.plist";
				LD_RUNPATH_SEARCH_PATHS = "$(inherited) @executable_path/Frameworks @loader_path/Frameworks";
				PRODUCT_NAME = "$(TARGET_NAME)";
				TEST_HOST = "$(BUILT_PRODUCTS_DIR)/Tab Bars and Pickers.app/Tab Bars and Pickers";
			};
			name = Debug;
		};
		EFA1271F1B28953D000C2B8F /* Release */ = {
			isa = XCBuildConfiguration;
			buildSettings = {
				BUNDLE_LOADER = "$(TEST_HOST)";
				FRAMEWORK_SEARCH_PATHS = (
					"$(SDKROOT)/Developer/Library/Frameworks",
					"$(inherited)",
				);
				INFOPLIST_FILE = "Tab Bars and PickersTests/Info.plist";
				LD_RUNPATH_SEARCH_PATHS = "$(inherited) @executable_path/Frameworks @loader_path/Frameworks";
				PRODUCT_NAME = "$(TARGET_NAME)";
				TEST_HOST = "$(BUILT_PRODUCTS_DIR)/Tab Bars and Pickers.app/Tab Bars and Pickers";
			};
			name = Release;
		};
/* End XCBuildConfiguration section */

/* Begin XCConfigurationList section */
		EFA126F21B28953C000C2B8F /* Build configuration list for PBXProject "Tab Bars and Pickers" */ = {
			isa = XCConfigurationList;
			buildConfigurations = (
				EFA127181B28953D000C2B8F /* Debug */,
				EFA127191B28953D000C2B8F /* Release */,
			);
			defaultConfigurationIsVisible = 0;
			defaultConfigurationName = Release;
		};
		EFA1271A1B28953D000C2B8F /* Build configuration list for PBXNativeTarget "Tab Bars and Pickers" */ = {
			isa = XCConfigurationList;
			buildConfigurations = (
				EFA1271B1B28953D000C2B8F /* Debug */,
				EFA1271C1B28953D000C2B8F /* Release */,
			);
			defaultConfigurationIsVisible = 0;
			defaultConfigurationName = Release;
		};
		EFA1271D1B28953D000C2B8F /* Build configuration list for PBXNativeTarget "Tab Bars and PickersTests" */ = {
			isa = XCConfigurationList;
			buildConfigurations = (
				EFA1271E1B28953D000C2B8F /* Debug */,
				EFA1271F1B28953D000C2B8F /* Release */,
			);
			defaultConfigurationIsVisible = 0;
			defaultConfigurationName = Release;
		};
/* End XCConfigurationList section */
	};
	rootObject = EFA126EF1B28953C000C2B8F /* Project object */;
}
